
Microsoft Visual Studio Solution File, Format Version 12.00
# Visual Studio Version 17
VisualStudioVersion = 17.9.34622.214
MinimumVisualStudioVersion = 10.0.40219.1
Project("{FAE04EC0-301F-11D3-BF4B-00C04F79EFBC}") = "FolderSyncronization", "FolderSyncronization.csproj", "{4F265D10-AA87-4F99-B86E-91B5511CA1EA}"
EndProject
Global
	GlobalSection(SolutionConfigurationPlatforms) = preSolution
		Debug|Any CPU = Debug|Any CPU
		Release|Any CPU = Release|Any CPU
	EndGlobalSection
	GlobalSection(ProjectConfigurationPlatforms) = postSolution
		{4F265D10-AA87-4F99-B86E-91B5511CA1EA}.Debug|Any CPU.ActiveCfg = Debug|Any CPU
		{4F265D10-AA87-4F99-B86E-91B5511CA1EA}.Debug|Any CPU.Build.0 = Debug|Any CPU
		{4F265D10-AA87-4F99-B86E-91B5511CA1EA}.Release|Any CPU.ActiveCfg = Release|Any CPU
		{4F265D10-AA87-4F99-B86E-91B5511CA1EA}.Release|Any CPU.Build.0 = Release|Any CPU
	EndGlobalSection
	GlobalSection(SolutionProperties) = preSolution
		HideSolutionNode = FALSE
	EndGlobalSection
	GlobalSection(ExtensibilityGlobals) = postSolution
		SolutionGuid = {C3CAE476-7750-4E9B-AA24-0360E1421D25}
	EndGlobalSection
EndGlobal
